<?xml version="1.0" encoding="utf-8"?>
<Project ToolsVersion="4.0" xmlns="http://schemas.microsoft.com/developer/msbuild/2003">
  <ItemGroup>
    <ClCompile Include="ToolboxLoader.cpp" />
    <ClCompile Include="dependencies\imgui.cpp">
      <Filter>dependencies</Filter>
    </ClCompile>
    <ClCompile Include="dependencies\imgui_demo.cpp">
      <Filter>dependencies</Filter>
    </ClCompile>
    <ClCompile Include="dependencies\imgui_draw.cpp">
      <Filter>dependencies</Filter>
    </ClCompile>
    <ClCompile Include="dependencies\imgui_impl_dx11.cpp">
      <Filter>dependencies</Filter>
    </ClCompile>
    <ClCompile Include="dependencies\imgui_impl_win32.cpp">
      <Filter>dependencies</Filter>
    </ClCompile>
    <ClCompile Include="dependencies\imgui_tables.cpp">
      <Filter>dependencies</Filter>
    </ClCompile>
    <ClCompile Include="dependencies\imgui_widgets.cpp">
      <Filter>dependencies</Filter>
    </ClCompile>
    <ClCompile Include="dependencies\imgui_stdlib.cpp">
      <Filter>dependencies</Filter>
    </ClCompile>
  </ItemGroup>
  <ItemGroup>
    <Filter Include="dependencies">
      <UniqueIdentifier>{a1672b89-9037-4c86-aca6-9e6a4762d276}</UniqueIdentifier>
    </Filter>
  </ItemGroup>
  <ItemGroup>
    <ClInclude Include="dependencies\imconfig.h">
      <Filter>dependencies</Filter>
    </ClInclude>
    <ClInclude Include="dependencies\imgui.h">
      <Filter>dependencies</Filter>
    </ClInclude>
    <ClInclude Include="dependencies\imgui_impl_dx11.h">
      <Filter>dependencies</Filter>
    </ClInclude>
    <ClInclude Include="dependencies\imgui_impl_win32.h">
      <Filter>dependencies</Filter>
    </ClInclude>
    <ClInclude Include="dependencies\imgui_internal.h">
      <Filter>dependencies</Filter>
    </ClInclude>
    <ClInclude Include="dependencies\imstb_rectpack.h">
      <Filter>dependencies</Filter>
    </ClInclude>
    <ClInclude Include="dependencies\imstb_textedit.h">
      <Filter>dependencies</Filter>
    </ClInclude>
    <ClInclude Include="dependencies\imstb_truetype.h">
      <Filter>dependencies</Filter>
    </ClInclude>
    <ClInclude Include="dependencies\imgui_stdlib.h">
      <Filter>dependencies</Filter>
    </ClInclude>
  </ItemGroup>
  <ItemGroup>
    <None Include="..\..\..\Downloads\fukkireta.ogg" />
  </ItemGroup>
</Project>